// !$*UTF8*$!
{
	archiveVersion = 1;
	classes = {
	};
	objectVersion = 56;
	objects = {

/* Begin PBXBuildFile section */
		318AE62129DAE0BA00AC32CF /* AppDelegate.swift in Sources */ = {isa = PBXBuildFile; fileRef = 318AE62029DAE0BA00AC32CF /* AppDelegate.swift */; };
		318AE62329DAE0BA00AC32CF /* SceneDelegate.swift in Sources */ = {isa = PBXBuildFile; fileRef = 318AE62229DAE0BA00AC32CF /* SceneDelegate.swift */; };
		318AE62529DAE0BA00AC32CF /* ViewController.swift in Sources */ = {isa = PBXBuildFile; fileRef = 318AE62429DAE0BA00AC32CF /* ViewController.swift */; };
		318AE62829DAE0BA00AC32CF /* Main.storyboard in Resources */ = {isa = PBXBuildFile; fileRef = 318AE62629DAE0BA00AC32CF /* Main.storyboard */; };
		318AE62A29DAE0BA00AC32CF /* Assets.xcassets in Resources */ = {isa = PBXBuildFile; fileRef = 318AE62929DAE0BA00AC32CF /* Assets.xcassets */; };
		318AE62D29DAE0BA00AC32CF /* LaunchScreen.storyboard in Resources */ = {isa = PBXBuildFile; fileRef = 318AE62B29DAE0BA00AC32CF /* LaunchScreen.storyboard */; };
		318AE63829DAE0BA00AC32CF /* CounterTests.swift in Sources */ = {isa = PBXBuildFile; fileRef = 318AE63729DAE0BA00AC32CF /* CounterTests.swift */; };
		318AE64229DAE0BA00AC32CF /* CounterUITests.swift in Sources */ = {isa = PBXBuildFile; fileRef = 318AE64129DAE0BA00AC32CF /* CounterUITests.swift */; };
		318AE64429DAE0BA00AC32CF /* CounterUITestsLaunchTests.swift in Sources */ = {isa = PBXBuildFile; fileRef = 318AE64329DAE0BA00AC32CF /* CounterUITestsLaunchTests.swift */; };
/* End PBXBuildFile section */

/* Begin PBXContainerItemProxy section */
		318AE63429DAE0BA00AC32CF /* PBXContainerItemProxy */ = {
			isa = PBXContainerItemProxy;
			containerPortal = 318AE61529DAE0BA00AC32CF /* Project object */;
			proxyType = 1;
			remoteGlobalIDString = 318AE61C29DAE0BA00AC32CF;
			remoteInfo = Counter;
		};
		318AE63E29DAE0BA00AC32CF /* PBXContainerItemProxy */ = {
			isa = PBXContainerItemProxy;
			containerPortal = 318AE61529DAE0BA00AC32CF /* Project object */;
			proxyType = 1;
			remoteGlobalIDString = 318AE61C29DAE0BA00AC32CF;
			remoteInfo = Counter;
		};
/* End PBXContainerItemProxy section */

/* Begin PBXFileReference section */
		318AE61D29DAE0BA00AC32CF /* Counter.app */ = {isa = PBXFileReference; explicitFileType = wrapper.application; includeInIndex = 0; path = Counter.app; sourceTree = BUILT_PRODUCTS_DIR; };
		318AE62029DAE0BA00AC32CF /* AppDelegate.swift */ = {isa = PBXFileReference; lastKnownFileType = sourcecode.swift; path = AppDelegate.swift; sourceTree = "<group>"; };
		318AE62229DAE0BA00AC32CF /* SceneDelegate.swift */ = {isa = PBXFileReference; lastKnownFileType = sourcecode.swift; path = SceneDelegate.swift; sourceTree = "<group>"; };
		318AE62429DAE0BA00AC32CF /* ViewController.swift */ = {isa = PBXFileReference; lastKnownFileType = sourcecode.swift; path = ViewController.swift; sourceTree = "<group>"; };
		318AE62729DAE0BA00AC32CF /* Base */ = {isa = PBXFileReference; lastKnownFileType = file.storyboard; name = Base; path = Base.lproj/Main.storyboard; sourceTree = "<group>"; };
		318AE62929DAE0BA00AC32CF /* Assets.xcassets */ = {isa = PBXFileReference; lastKnownFileType = folder.assetcatalog; path = Assets.xcassets; sourceTree = "<group>"; };
		318AE62C29DAE0BA00AC32CF /* Base */ = {isa = PBXFileReference; lastKnownFileType = file.storyboard; name = Base; path = Base.lproj/LaunchScreen.storyboard; sourceTree = "<group>"; };
		318AE62E29DAE0BA00AC32CF /* Info.plist */ = {isa = PBXFileReference; lastKnownFileType = text.plist.xml; path = Info.plist; sourceTree = "<group>"; };
		318AE63329DAE0BA00AC32CF /* CounterTests.xctest */ = {isa = PBXFileReference; explicitFileType = wrapper.cfbundle; includeInIndex = 0; path = CounterTests.xctest; sourceTree = BUILT_PRODUCTS_DIR; };
		318AE63729DAE0BA00AC32CF /* CounterTests.swift */ = {isa = PBXFileReference; lastKnownFileType = sourcecode.swift; path = CounterTests.swift; sourceTree = "<group>"; };
		318AE63D29DAE0BA00AC32CF /* CounterUITests.xctest */ = {isa = PBXFileReference; explicitFileType = wrapper.cfbundle; includeInIndex = 0; path = CounterUITests.xctest; sourceTree = BUILT_PRODUCTS_DIR; };
		318AE64129DAE0BA00AC32CF /* CounterUITests.swift */ = {isa = PBXFileReference; lastKnownFileType = sourcecode.swift; path = CounterUITests.swift; sourceTree = "<group>"; };
		318AE64329DAE0BA00AC32CF /* CounterUITestsLaunchTests.swift */ = {isa = PBXFileReference; lastKnownFileType = sourcecode.swift; path = CounterUITestsLaunchTests.swift; sourceTree = "<group>"; };
/* End PBXFileReference section */

/* Begin PBXFrameworksBuildPhase section */
		318AE61A29DAE0BA00AC32CF /* Frameworks */ = {
			isa = PBXFrameworksBuildPhase;
			buildActionMask = 2147483647;
			files = (
			);
			runOnlyForDeploymentPostprocessing = 0;
		};
		318AE63029DAE0BA00AC32CF /* Frameworks */ = {
			isa = PBXFrameworksBuildPhase;
			buildActionMask = 2147483647;
			files = (
			);
			runOnlyForDeploymentPostprocessing = 0;
		};
		318AE63A29DAE0BA00AC32CF /* Frameworks */ = {
			isa = PBXFrameworksBuildPhase;
			buildActionMask = 2147483647;
			files = (
			);
			runOnlyForDeploymentPostprocessing = 0;
		};
/* End PBXFrameworksBuildPhase section */

/* Begin PBXGroup section */
		318AE61429DAE0BA00AC32CF = {
			isa = PBXGroup;
			children = (
				318AE61F29DAE0BA00AC32CF /* Counter */,
				318AE63629DAE0BA00AC32CF /* CounterTests */,
				318AE64029DAE0BA00AC32CF /* CounterUITests */,
				318AE61E29DAE0BA00AC32CF /* Products */,
			);
			sourceTree = "<group>";
		};
		318AE61E29DAE0BA00AC32CF /* Products */ = {
			isa = PBXGroup;
			children = (
				318AE61D29DAE0BA00AC32CF /* Counter.app */,
				318AE63329DAE0BA00AC32CF /* CounterTests.xctest */,
				318AE63D29DAE0BA00AC32CF /* CounterUITests.xctest */,
			);
			name = Products;
			sourceTree = "<group>";
		};
		318AE61F29DAE0BA00AC32CF /* Counter */ = {
			isa = PBXGroup;
			children = (
				318AE62029DAE0BA00AC32CF /* AppDelegate.swift */,
				318AE62229DAE0BA00AC32CF /* SceneDelegate.swift */,
				318AE62429DAE0BA00AC32CF /* ViewController.swift */,
				318AE62629DAE0BA00AC32CF /* Main.storyboard */,
				318AE62929DAE0BA00AC32CF /* Assets.xcassets */,
				318AE62B29DAE0BA00AC32CF /* LaunchScreen.storyboard */,
				318AE62E29DAE0BA00AC32CF /* Info.plist */,
			);
			path = Counter;
			sourceTree = "<group>";
		};
		318AE63629DAE0BA00AC32CF /* CounterTests */ = {
			isa = PBXGroup;
			children = (
				318AE63729DAE0BA00AC32CF /* CounterTests.swift */,
			);
			path = CounterTests;
			sourceTree = "<group>";
		};
		318AE64029DAE0BA00AC32CF /* CounterUITests */ = {
			isa = PBXGroup;
			children = (
				318AE64129DAE0BA00AC32CF /* CounterUITests.swift */,
				318AE64329DAE0BA00AC32CF /* CounterUITestsLaunchTests.swift */,
			);
			path = CounterUITests;
			sourceTree = "<group>";
		};
/* End PBXGroup section */

/* Begin PBXNativeTarget section */
		318AE61C29DAE0BA00AC32CF /* Counter */ = {
			isa = PBXNativeTarget;
			buildConfigurationList = 318AE64729DAE0BA00AC32CF /* Build configuration list for PBXNativeTarget "Counter" */;
			buildPhases = (
				318AE61929DAE0BA00AC32CF /* Sources */,
				318AE61A29DAE0BA00AC32CF /* Frameworks */,
				318AE61B29DAE0BA00AC32CF /* Resources */,
			);
			buildRules = (
			);
			dependencies = (
			);
			name = Counter;
			productName = Counter;
			productReference = 318AE61D29DAE0BA00AC32CF /* Counter.app */;
			productType = "com.apple.product-type.application";
		};
		318AE63229DAE0BA00AC32CF /* CounterTests */ = {
			isa = PBXNativeTarget;
			buildConfigurationList = 318AE64A29DAE0BA00AC32CF /* Build configuration list for PBXNativeTarget "CounterTests" */;
			buildPhases = (
				318AE62F29DAE0BA00AC32CF /* Sources */,
				318AE63029DAE0BA00AC32CF /* Frameworks */,
				318AE63129DAE0BA00AC32CF /* Resources */,
			);
			buildRules = (
			);
			dependencies = (
				318AE63529DAE0BA00AC32CF /* PBXTargetDependency */,
			);
			name = CounterTests;
			productName = CounterTests;
			productReference = 318AE63329DAE0BA00AC32CF /* CounterTests.xctest */;
			productType = "com.apple.product-type.bundle.unit-test";
		};
		318AE63C29DAE0BA00AC32CF /* CounterUITests */ = {
			isa = PBXNativeTarget;
			buildConfigurationList = 318AE64D29DAE0BA00AC32CF /* Build configuration list for PBXNativeTarget "CounterUITests" */;
			buildPhases = (
				318AE63929DAE0BA00AC32CF /* Sources */,
				318AE63A29DAE0BA00AC32CF /* Frameworks */,
				318AE63B29DAE0BA00AC32CF /* Resources */,
			);
			buildRules = (
			);
			dependencies = (
				318AE63F29DAE0BA00AC32CF /* PBXTargetDependency */,
			);
			name = CounterUITests;
			productName = CounterUITests;
			productReference = 318AE63D29DAE0BA00AC32CF /* CounterUITests.xctest */;
			productType = "com.apple.product-type.bundle.ui-testing";
		};
/* End PBXNativeTarget section */

/* Begin PBXProject section */
		318AE61529DAE0BA00AC32CF /* Project object */ = {
			isa = PBXProject;
			attributes = {
				BuildIndependentTargetsInParallel = 1;
				LastSwiftUpdateCheck = 1420;
				LastUpgradeCheck = 1420;
				TargetAttributes = {
					318AE61C29DAE0BA00AC32CF = {
						CreatedOnToolsVersion = 14.2;
					};
					318AE63229DAE0BA00AC32CF = {
						CreatedOnToolsVersion = 14.2;
						TestTargetID = 318AE61C29DAE0BA00AC32CF;
					};
					318AE63C29DAE0BA00AC32CF = {
						CreatedOnToolsVersion = 14.2;
						TestTargetID = 318AE61C29DAE0BA00AC32CF;
					};
				};
			};
			buildConfigurationList = 318AE61829DAE0BA00AC32CF /* Build configuration list for PBXProject "Counter" */;
			compatibilityVersion = "Xcode 14.0";
			developmentRegion = en;
			hasScannedForEncodings = 0;
			knownRegions = (
				en,
				Base,
			);
			mainGroup = 318AE61429DAE0BA00AC32CF;
			productRefGroup = 318AE61E29DAE0BA00AC32CF /* Products */;
			projectDirPath = "";
			projectRoot = "";
			targets = (
				318AE61C29DAE0BA00AC32CF /* Counter */,
				318AE63229DAE0BA00AC32CF /* CounterTests */,
				318AE63C29DAE0BA00AC32CF /* CounterUITests */,
			);
		};
/* End PBXProject section */

/* Begin PBXResourcesBuildPhase section */
		318AE61B29DAE0BA00AC32CF /* Resources */ = {
			isa = PBXResourcesBuildPhase;
			buildActionMask = 2147483647;
			files = (
				318AE62D29DAE0BA00AC32CF /* LaunchScreen.storyboard in Resources */,
				318AE62A29DAE0BA00AC32CF /* Assets.xcassets in Resources */,
				318AE62829DAE0BA00AC32CF /* Main.storyboard in Resources */,
			);
			runOnlyForDeploymentPostprocessing = 0;
		};
		318AE63129DAE0BA00AC32CF /* Resources */ = {
			isa = PBXResourcesBuildPhase;
			buildActionMask = 2147483647;
			files = (
			);
			runOnlyForDeploymentPostprocessing = 0;
		};
		318AE63B29DAE0BA00AC32CF /* Resources */ = {
			isa = PBXResourcesBuildPhase;
			buildActionMask = 2147483647;
			files = (
			);
			runOnlyForDeploymentPostprocessing = 0;
		};
/* End PBXResourcesBuildPhase section */

/* Begin PBXSourcesBuildPhase section */
		318AE61929DAE0BA00AC32CF /* Sources */ = {
			isa = PBXSourcesBuildPhase;
			buildActionMask = 2147483647;
			files = (
				318AE62529DAE0BA00AC32CF /* ViewController.swift in Sources */,
				318AE62129DAE0BA00AC32CF /* AppDelegate.swift in Sources */,
				318AE62329DAE0BA00AC32CF /* SceneDelegate.swift in Sources */,
			);
			runOnlyForDeploymentPostprocessing = 0;
		};
		318AE62F29DAE0BA00AC32CF /* Sources */ = {
			isa = PBXSourcesBuildPhase;
			buildActionMask = 2147483647;
			files = (
				318AE63829DAE0BA00AC32CF /* CounterTests.swift in Sources */,
			);
			runOnlyForDeploymentPostprocessing = 0;
		};
		318AE63929DAE0BA00AC32CF /* Sources */ = {
			isa = PBXSourcesBuildPhase;
			buildActionMask = 2147483647;
			files = (
				318AE64229DAE0BA00AC32CF /* CounterUITests.swift in Sources */,
				318AE64429DAE0BA00AC32CF /* CounterUITestsLaunchTests.swift in Sources */,
			);
			runOnlyForDeploymentPostprocessing = 0;
		};
/* End PBXSourcesBuildPhase section */

/* Begin PBXTargetDependency section */
		318AE63529DAE0BA00AC32CF /* PBXTargetDependency */ = {
			isa = PBXTargetDependency;
			target = 318AE61C29DAE0BA00AC32CF /* Counter */;
			targetProxy = 318AE63429DAE0BA00AC32CF /* PBXContainerItemProxy */;
		};
		318AE63F29DAE0BA00AC32CF /* PBXTargetDependency */ = {
			isa = PBXTargetDependency;
			target = 318AE61C29DAE0BA00AC32CF /* Counter */;
			targetProxy = 318AE63E29DAE0BA00AC32CF /* PBXContainerItemProxy */;
		};
/* End PBXTargetDependency section */

/* Begin PBXVariantGroup section */
		318AE62629DAE0BA00AC32CF /* Main.storyboard */ = {
			isa = PBXVariantGroup;
			children = (
				318AE62729DAE0BA00AC32CF /* Base */,
			);
			name = Main.storyboard;
			sourceTree = "<group>";
		};
		318AE62B29DAE0BA00AC32CF /* LaunchScreen.storyboard */ = {
			isa = PBXVariantGroup;
			children = (
				318AE62C29DAE0BA00AC32CF /* Base */,
			);
			name = LaunchScreen.storyboard;
			sourceTree = "<group>";
		};
/* End PBXVariantGroup section */

/* Begin XCBuildConfiguration section */
		318AE64529DAE0BA00AC32CF /* Debug */ = {
			isa = XCBuildConfiguration;
			buildSettings = {
				ALWAYS_SEARCH_USER_PATHS = NO;
				CLANG_ANALYZER_NONNULL = YES;
				CLANG_ANALYZER_NUMBER_OBJECT_CONVERSION = YES_AGGRESSIVE;
				CLANG_CXX_LANGUAGE_STANDARD = "gnu++20";
				CLANG_ENABLE_MODULES = YES;
				CLANG_ENABLE_OBJC_ARC = YES;
				CLANG_ENABLE_OBJC_WEAK = YES;
				CLANG_WARN_BLOCK_CAPTURE_AUTORELEASING = YES;
				CLANG_WARN_BOOL_CONVERSION = YES;
				CLANG_WARN_COMMA = YES;
				CLANG_WARN_CONSTANT_CONVERSION = YES;
				CLANG_WARN_DEPRECATED_OBJC_IMPLEMENTATIONS = YES;
				CLANG_WARN_DIRECT_OBJC_ISA_USAGE = YES_ERROR;
				CLANG_WARN_DOCUMENTATION_COMMENTS = YES;
				CLANG_WARN_EMPTY_BODY = YES;
				CLANG_WARN_ENUM_CONVERSION = YES;
				CLANG_WARN_INFINITE_RECURSION = YES;
				CLANG_WARN_INT_CONVERSION = YES;
				CLANG_WARN_NON_LITERAL_NULL_CONVERSION = YES;
				CLANG_WARN_OBJC_IMPLICIT_RETAIN_SELF = YES;
				CLANG_WARN_OBJC_LITERAL_CONVERSION = YES;
				CLANG_WARN_OBJC_ROOT_CLASS = YES_ERROR;
				CLANG_WARN_QUOTED_INCLUDE_IN_FRAMEWORK_HEADER = YES;
				CLANG_WARN_RANGE_LOOP_ANALYSIS = YES;
				CLANG_WARN_STRICT_PROTOTYPES = YES;
				CLANG_WARN_SUSPICIOUS_MOVE = YES;
				CLANG_WARN_UNGUARDED_AVAILABILITY = YES_AGGRESSIVE;
				CLANG_WARN_UNREACHABLE_CODE = YES;
				CLANG_WARN__DUPLICATE_METHOD_MATCH = YES;
				COPY_PHASE_STRIP = NO;
				DEBUG_INFORMATION_FORMAT = dwarf;
				ENABLE_STRICT_OBJC_MSGSEND = YES;
				ENABLE_TESTABILITY = YES;
				GCC_C_LANGUAGE_STANDARD = gnu11;
				GCC_DYNAMIC_NO_PIC = NO;
				GCC_NO_COMMON_BLOCKS = YES;
				GCC_OPTIMIZATION_LEVEL = 0;
				GCC_PREPROCESSOR_DEFINITIONS = (
					"DEBUG=1",
					"$(inherited)",
				);
				GCC_WARN_64_TO_32_BIT_CONVERSION = YES;
				GCC_WARN_ABOUT_RETURN_TYPE = YES_ERROR;
				GCC_WARN_UNDECLARED_SELECTOR = YES;
				GCC_WARN_UNINITIALIZED_AUTOS = YES_AGGRESSIVE;
				GCC_WARN_UNUSED_FUNCTION = YES;
				GCC_WARN_UNUSED_VARIABLE = YES;
				IPHONEOS_DEPLOYMENT_TARGET = 16.2;
				MTL_ENABLE_DEBUG_INFO = INCLUDE_SOURCE;
				MTL_FAST_MATH = YES;
				ONLY_ACTIVE_ARCH = YES;
				SDKROOT = iphoneos;
				SWIFT_ACTIVE_COMPILATION_CONDITIONS = DEBUG;
				SWIFT_OPTIMIZATION_LEVEL = "-Onone";
			};
			name = Debug;
		};
		318AE64629DAE0BA00AC32CF /* Release */ = {
			isa = XCBuildConfiguration;
			buildSettings = {
				ALWAYS_SEARCH_USER_PATHS = NO;
				CLANG_ANALYZER_NONNULL = YES;
				CLANG_ANALYZER_NUMBER_OBJECT_CONVERSION = YES_AGGRESSIVE;
				CLANG_CXX_LANGUAGE_STANDARD = "gnu++20";
				CLANG_ENABLE_MODULES = YES;
				CLANG_ENABLE_OBJC_ARC = YES;
				CLANG_ENABLE_OBJC_WEAK = YES;
				CLANG_WARN_BLOCK_CAPTURE_AUTORELEASING = YES;
				CLANG_WARN_BOOL_CONVERSION = YES;
				CLANG_WARN_COMMA = YES;
				CLANG_WARN_CONSTANT_CONVERSION = YES;
				CLANG_WARN_DEPRECATED_OBJC_IMPLEMENTATIONS = YES;
				CLANG_WARN_DIRECT_OBJC_ISA_USAGE = YES_ERROR;
				CLANG_WARN_DOCUMENTATION_COMMENTS = YES;
				CLANG_WARN_EMPTY_BODY = YES;
				CLANG_WARN_ENUM_CONVERSION = YES;
				CLANG_WARN_INFINITE_RECURSION = YES;
				CLANG_WARN_INT_CONVERSION = YES;
				CLANG_WARN_NON_LITERAL_NULL_CONVERSION = YES;
				CLANG_WARN_OBJC_IMPLICIT_RETAIN_SELF = YES;
				CLANG_WARN_OBJC_LITERAL_CONVERSION = YES;
				CLANG_WARN_OBJC_ROOT_CLASS = YES_ERROR;
				CLANG_WARN_QUOTED_INCLUDE_IN_FRAMEWORK_HEADER = YES;
				CLANG_WARN_RANGE_LOOP_ANALYSIS = YES;
				CLANG_WARN_STRICT_PROTOTYPES = YES;
				CLANG_WARN_SUSPICIOUS_MOVE = YES;
				CLANG_WARN_UNGUARDED_AVAILABILITY = YES_AGGRESSIVE;
				CLANG_WARN_UNREACHABLE_CODE = YES;
				CLANG_WARN__DUPLICATE_METHOD_MATCH = YES;
				COPY_PHASE_STRIP = NO;
				DEBUG_INFORMATION_FORMAT = "dwarf-with-dsym";
				ENABLE_NS_ASSERTIONS = NO;
				ENABLE_STRICT_OBJC_MSGSEND = YES;
				GCC_C_LANGUAGE_STANDARD = gnu11;
				GCC_NO_COMMON_BLOCKS = YES;
				GCC_WARN_64_TO_32_BIT_CONVERSION = YES;
				GCC_WARN_ABOUT_RETURN_TYPE = YES_ERROR;
				GCC_WARN_UNDECLARED_SELECTOR = YES;
				GCC_WARN_UNINITIALIZED_AUTOS = YES_AGGRESSIVE;
				GCC_WARN_UNUSED_FUNCTION = YES;
				GCC_WARN_UNUSED_VARIABLE = YES;
				IPHONEOS_DEPLOYMENT_TARGET = 16.2;
				MTL_ENABLE_DEBUG_INFO = NO;
				MTL_FAST_MATH = YES;
				SDKROOT = iphoneos;
				SWIFT_COMPILATION_MODE = wholemodule;
				SWIFT_OPTIMIZATION_LEVEL = "-O";
				VALIDATE_PRODUCT = YES;
			};
			name = Release;
		};
		318AE64829DAE0BA00AC32CF /* Debug */ = {
			isa = XCBuildConfiguration;
			buildSettings = {
				ASSETCATALOG_COMPILER_APPICON_NAME = AppIcon;
				ASSETCATALOG_COMPILER_GLOBAL_ACCENT_COLOR_NAME = AccentColor;
				CODE_SIGN_STYLE = Automatic;
				CURRENT_PROJECT_VERSION = 1;
				DEVELOPMENT_TEAM = K5Z683UFR3;
				GENERATE_INFOPLIST_FILE = YES;
				INFOPLIST_FILE = Counter/Info.plist;
				INFOPLIST_KEY_UIApplicationSupportsIndirectInputEvents = YES;
				INFOPLIST_KEY_UILaunchStoryboardName = LaunchScreen;
				INFOPLIST_KEY_UIMainStoryboardFile = Main;
				INFOPLIST_KEY_UISupportedInterfaceOrientations_iPad = "UIInterfaceOrientationPortrait UIInterfaceOrientationPortraitUpsideDown UIInterfaceOrientationLandscapeLeft UIInterfaceOrientationLandscapeRight";
				INFOPLIST_KEY_UISupportedInterfaceOrientations_iPhone = "UIInterfaceOrientationPortrait UIInterfaceOrientationLandscapeLeft UIInterfaceOrientationLandscapeRight";
				IPHONEOS_DEPLOYMENT_TARGET = 15.0;
				LD_RUNPATH_SEARCH_PATHS = (
					"$(inherited)",
					"@executable_path/Frameworks",
				);
				MARKETING_VERSION = 1.0;
				PRODUCT_BUNDLE_IDENTIFIER = Kar.Counter;
				PRODUCT_NAME = "$(TARGET_NAME)";
				SWIFT_EMIT_LOC_STRINGS = YES;
				SWIFT_VERSION = 5.0;
				TARGETED_DEVICE_FAMILY = "1,2";
			};
			name = Debug;
		};
		318AE64929DAE0BA00AC32CF /* Release */ = {
			isa = XCBuildConfiguration;
			buildSettings = {
				ASSETCATALOG_COMPILER_APPICON_NAME = AppIcon;
				ASSETCATALOG_COMPILER_GLOBAL_ACCENT_COLOR_NAME = AccentColor;
				CODE_SIGN_STYLE = Automatic;
				CURRENT_PROJECT_VERSION = 1;
				DEVELOPMENT_TEAM = K5Z683UFR3;
				GENERATE_INFOPLIST_FILE = YES;
				INFOPLIST_FILE = Counter/Info.plist;
				INFOPLIST_KEY_UIApplicationSupportsIndirectInputEvents = YES;
				INFOPLIST_KEY_UILaunchStoryboardName = LaunchScreen;
				INFOPLIST_KEY_UIMainStoryboardFile = Main;
				INFOPLIST_KEY_UISupportedInterfaceOrientations_iPad = "UIInterfaceOrientationPortrait UIInterfaceOrientationPortraitUpsideDown UIInterfaceOrientationLandscapeLeft UIInterfaceOrientationLandscapeRight";
				INFOPLIST_KEY_UISupportedInterfaceOrientations_iPhone = "UIInterfaceOrientationPortrait UIInterfaceOrientationLandscapeLeft UIInterfaceOrientationLandscapeRight";
				IPHONEOS_DEPLOYMENT_TARGET = 15.0;
				LD_RUNPATH_SEARCH_PATHS = (
					"$(inherited)",
					"@executable_path/Frameworks",
				);
				MARKETING_VERSION = 1.0;
				PRODUCT_BUNDLE_IDENTIFIER = Kar.Counter;
				PRODUCT_NAME = "$(TARGET_NAME)";
				SWIFT_EMIT_LOC_STRINGS = YES;
				SWIFT_VERSION = 5.0;
				TARGETED_DEVICE_FAMILY = "1,2";
			};
			name = Release;
		};
		318AE64B29DAE0BA00AC32CF /* Debug */ = {
			isa = XCBuildConfiguration;
			buildSettings = {
				ALWAYS_EMBED_SWIFT_STANDARD_LIBRARIES = YES;
				BUNDLE_LOADER = "$(TEST_HOST)";
				CODE_SIGN_STYLE = Automatic;
				CURRENT_PROJECT_VERSION = 1;
				DEVELOPMENT_TEAM = K5Z683UFR3;
				GENERATE_INFOPLIST_FILE = YES;
				IPHONEOS_DEPLOYMENT_TARGET = 16.2;
				MARKETING_VERSION = 1.0;
				PRODUCT_BUNDLE_IDENTIFIER = Kar.CounterTests;
				PRODUCT_NAME = "$(TARGET_NAME)";
				SWIFT_EMIT_LOC_STRINGS = NO;
				SWIFT_VERSION = 5.0;
				TARGETED_DEVICE_FAMILY = "1,2";
				TEST_HOST = "$(BUILT_PRODUCTS_DIR)/Counter.app/$(BUNDLE_EXECUTABLE_FOLDER_PATH)/Counter";
			};
			name = Debug;
		};
		318AE64C29DAE0BA00AC32CF /* Release */ = {
			isa = XCBuildConfiguration;
			buildSettings = {
				ALWAYS_EMBED_SWIFT_STANDARD_LIBRARIES = YES;
				BUNDLE_LOADER = "$(TEST_HOST)";
				CODE_SIGN_STYLE = Automatic;
				CURRENT_PROJECT_VERSION = 1;
				DEVELOPMENT_TEAM = K5Z683UFR3;
				GENERATE_INFOPLIST_FILE = YES;
				IPHONEOS_DEPLOYMENT_TARGET = 16.2;
				MARKETING_VERSION = 1.0;
				PRODUCT_BUNDLE_IDENTIFIER = Kar.CounterTests;
				PRODUCT_NAME = "$(TARGET_NAME)";
				SWIFT_EMIT_LOC_STRINGS = NO;
				SWIFT_VERSION = 5.0;
				TARGETED_DEVICE_FAMILY = "1,2";
				TEST_HOST = "$(BUILT_PRODUCTS_DIR)/Counter.app/$(BUNDLE_EXECUTABLE_FOLDER_PATH)/Counter";
			};
			name = Release;
		};
		318AE64E29DAE0BA00AC32CF /* Debug */ = {
			isa = XCBuildConfiguration;
			buildSettings = {
				ALWAYS_EMBED_SWIFT_STANDARD_LIBRARIES = YES;
				CODE_SIGN_STYLE = Automatic;
				CURRENT_PROJECT_VERSION = 1;
				DEVELOPMENT_TEAM = K5Z683UFR3;
				GENERATE_INFOPLIST_FILE = YES;
				MARKETING_VERSION = 1.0;
				PRODUCT_BUNDLE_IDENTIFIER = Kar.CounterUITests;
				PRODUCT_NAME = "$(TARGET_NAME)";
				SWIFT_EMIT_LOC_STRINGS = NO;
				SWIFT_VERSION = 5.0;
				TARGETED_DEVICE_FAMILY = "1,2";
				TEST_TARGET_NAME = Counter;
			};
			name = Debug;
		};
		318AE64F29DAE0BA00AC32CF /* Release */ = {
			isa = XCBuildConfiguration;
			buildSettings = {
				ALWAYS_EMBED_SWIFT_STANDARD_LIBRARIES = YES;
				CODE_SIGN_STYLE = Automatic;
				CURRENT_PROJECT_VERSION = 1;
				DEVELOPMENT_TEAM = K5Z683UFR3;
				GENERATE_INFOPLIST_FILE = YES;
				MARKETING_VERSION = 1.0;
				PRODUCT_BUNDLE_IDENTIFIER = Kar.CounterUITests;
				PRODUCT_NAME = "$(TARGET_NAME)";
				SWIFT_EMIT_LOC_STRINGS = NO;
				SWIFT_VERSION = 5.0;
				TARGETED_DEVICE_FAMILY = "1,2";
				TEST_TARGET_NAME = Counter;
			};
			name = Release;
		};
/* End XCBuildConfiguration section */

/* Begin XCConfigurationList section */
		318AE61829DAE0BA00AC32CF /* Build configuration list for PBXProject "Counter" */ = {
			isa = XCConfigurationList;
			buildConfigurations = (
				318AE64529DAE0BA00AC32CF /* Debug */,
				318AE64629DAE0BA00AC32CF /* Release */,
			);
			defaultConfigurationIsVisible = 0;
			defaultConfigurationName = Release;
		};
		318AE64729DAE0BA00AC32CF /* Build configuration list for PBXNativeTarget "Counter" */ = {
			isa = XCConfigurationList;
			buildConfigurations = (
				318AE64829DAE0BA00AC32CF /* Debug */,
				318AE64929DAE0BA00AC32CF /* Release */,
			);
			defaultConfigurationIsVisible = 0;
			defaultConfigurationName = Release;
		};
		318AE64A29DAE0BA00AC32CF /* Build configuration list for PBXNativeTarget "CounterTests" */ = {
			isa = XCConfigurationList;
			buildConfigurations = (
				318AE64B29DAE0BA00AC32CF /* Debug */,
				318AE64C29DAE0BA00AC32CF /* Release */,
			);
			defaultConfigurationIsVisible = 0;
			defaultConfigurationName = Release;
		};
		318AE64D29DAE0BA00AC32CF /* Build configuration list for PBXNativeTarget "CounterUITests" */ = {
			isa = XCConfigurationList;
			buildConfigurations = (
				318AE64E29DAE0BA00AC32CF /* Debug */,
				318AE64F29DAE0BA00AC32CF /* Release */,
			);
			defaultConfigurationIsVisible = 0;
			defaultConfigurationName = Release;
		};
/* End XCConfigurationList section */
	};
	rootObject = 318AE61529DAE0BA00AC32CF /* Project object */;
}
